
Microsoft Visual Studio Solution File, Format Version 12.00
# Visual Studio Version 16
VisualStudioVersion = 16.0.30907.101
MinimumVisualStudioVersion = 10.0.40219.1
Project("{9A19103F-16F7-4668-BE54-9A1E7A4F7556}") = "csharp-practice", "first-csharp-app\csharp-practice.csproj", "{5D79A0DE-E501-454F-8D79-C51D63AF20FE}"
EndProject
Global
	GlobalSection(SolutionConfigurationPlatforms) = preSolution
		Debug|Any CPU = Debug|Any CPU
		Release|Any CPU = Release|Any CPU
	EndGlobalSection
	GlobalSection(ProjectConfigurationPlatforms) = postSolution
		{5D79A0DE-E501-454F-8D79-C51D63AF20FE}.Debug|Any CPU.ActiveCfg = Debug|Any CPU
		{5D79A0DE-E501-454F-8D79-C51D63AF20FE}.Debug|Any CPU.Build.0 = Debug|Any CPU
		{5D79A0DE-E501-454F-8D79-C51D63AF20FE}.Release|Any CPU.ActiveCfg = Release|Any CPU
		{5D79A0DE-E501-454F-8D79-C51D63AF20FE}.Release|Any CPU.Build.0 = Release|Any CPU
	EndGlobalSection
	GlobalSection(SolutionProperties) = preSolution
		HideSolutionNode = FALSE
	EndGlobalSection
	GlobalSection(ExtensibilityGlobals) = postSolution
		SolutionGuid = {6E5DAA60-2985-41EB-B270-31E84FC11947}
	EndGlobalSection
EndGlobal
